<?xml version="1.0" encoding="utf-8"?>
<Project ToolsVersion="4.0" xmlns="http://schemas.microsoft.com/developer/msbuild/2003">
  <ItemGroup>
    <ClCompile Include="Ohm.cc" />
    <ClCompile Include="Hooks\Hooks.cc" />
    <ClCompile Include="Hooks\Callbacks.cc" />
    <ClCompile Include="Utility\Utilities.cc" />
    <ClCompile Include="Interfaces.cc" />
    <ClCompile Include="PE\Module.cc" />
    <ClCompile Include="GUI\Render.cc" />
    <ClCompile Include="Features\Misc.cc" />
    <ClCompile Include="Memory.cc" />
    <ClCompile Include="Netvars.cc" />
    <ClCompile Include="Features\Visuals.cc" />
    <ClCompile Include="GUI\Menu.cc" />
  </ItemGroup>
  <ItemGroup>
    <ClInclude Include="Hooks\Hooks.h" />
    <ClInclude Include="Hooks\Callbacks.h" />
    <ClInclude Include="Utility\Utilities.h" />
    <ClInclude Include="Interfaces.h" />
    <ClInclude Include="SDK\InterfaceReg.h" />
    <ClInclude Include="PE\Module.h" />
    <ClInclude Include="PE\Types.h" />
    <ClInclude Include="SDK\IPanel.h" />
    <ClInclude Include="Utility\VirtualFunc.h" />
    <ClInclude Include="SDK\ISurface.h" />
    <ClInclude Include="SDK\Color.h" />
    <ClInclude Include="GUI\Font.h" />
    <ClInclude Include="GUI\Render.h" />
    <ClInclude Include="SDK\CUserCmd.h" />
    <ClInclude Include="SDK\Math\QAngle.h" />
    <ClInclude Include="SDK\IBaseClientDLL.h" />
    <ClInclude Include="SDK\IClientClass.h" />
    <ClInclude Include="Features\Misc.h" />
    <ClInclude Include="Memory.h" />
    <ClInclude Include="SDK\CClientState.h" />
    <ClInclude Include="SDK\Math\Vector.h" />
    <ClInclude Include="SDK\IClientEntityList.h" />
    <ClInclude Include="SDK\IClientEntity.h" />
    <ClInclude Include="SDK\IClientNetworkable.h" />
    <ClInclude Include="SDK\IClientRenderable.h" />
    <ClInclude Include="SDK\Math\Matrix.h" />
    <ClInclude Include="SDK\Studio.h" />
    <ClInclude Include="SDK\IClientUnknown.h" />
    <ClInclude Include="SDK\IClientThinkable.h" />
    <ClInclude Include="Netvars.h" />
    <ClInclude Include="Features\Visuals.h" />
    <ClInclude Include="SDK\ICollideable.h" />
    <ClInclude Include="SDK\IVDebugOverlay.h" />
    <ClInclude Include="SDK\IVEngineClient.h" />
    <ClInclude Include="InterfaceDep.h" />
    <ClInclude Include="GUI\Menu.h" />
    <ClInclude Include="SDK\IInputSystem.h" />
    <ClInclude Include="SDK\IAppSystem.h" />
  </ItemGroup>
</Project>