<?xml version="1.0" encoding="utf-8"?>
<Project ToolsVersion="4.0" xmlns="http://schemas.microsoft.com/developer/msbuild/2003">
  <ItemGroup>
    <ClCompile Include="Ohm.cc" />
    <ClCompile Include="Hooks\Hooks.cc" />
    <ClCompile Include="Hooks\Callbacks.cc" />
    <ClCompile Include="Utility\Utilities.cc" />
    <ClCompile Include="Interfaces\Interfaces.cc" />
    <ClCompile Include="PE\Module.cc" />
    <ClCompile Include="GUI\Render.cc" />
    <ClCompile Include="Features\Misc.cc" />
    <ClCompile Include="Memory.cc" />
    <ClCompile Include="Netvars.cc" />
    <ClCompile Include="Features\Visuals.cc" />
    <ClCompile Include="GUI\Menu\Menu.cc" />
    <ClCompile Include="SDK\Class\CGlobalVars.cc" />
    <ClCompile Include="GUI\Menu\Tab.cc" />
    <ClCompile Include="GUI\Menu\Option.cc" />
    <ClCompile Include="Config.cc" />
    <ClCompile Include="Utility\File.cc" />
    <ClCompile Include="GUI\Colors.cc" />
    <ClCompile Include="Features\Chams.cc" />
    <ClCompile Include="SDK\KeyValues.cpp" />
    <ClCompile Include="Features\Aimbot.cc" />
    <ClCompile Include="SDK\Entities\CBasePlayer.h" />
    <ClCompile Include="Features\Glow.cc" />
    <ClCompile Include="SDK\Math\VMatrix.cpp" />
  </ItemGroup>
  <ItemGroup>
    <ClInclude Include="Hooks\Hooks.h" />
    <ClInclude Include="Hooks\Callbacks.h" />
    <ClInclude Include="Utility\Utilities.h" />
    <ClInclude Include="Interfaces\Interfaces.h" />
    <ClInclude Include="SDK\Class\InterfaceReg.h" />
    <ClInclude Include="PE\Module.h" />
    <ClInclude Include="PE\Types.h" />
    <ClInclude Include="SDK\Interfaces\IPanel.h" />
    <ClInclude Include="Utility\VirtualFunc.h" />
    <ClInclude Include="SDK\Interfaces\ISurface.h" />
    <ClInclude Include="SDK\Color.h" />
    <ClInclude Include="GUI\Font.h" />
    <ClInclude Include="GUI\Render.h" />
    <ClInclude Include="SDK\Class\CUserCmd.h" />
    <ClInclude Include="SDK\Math\QAngle.h" />
    <ClInclude Include="SDK\Interfaces\IBaseClientDLL.h" />
    <ClInclude Include="SDK\Interfaces\IClientClass.h" />
    <ClInclude Include="Features\Misc.h" />
    <ClInclude Include="Memory.h" />
    <ClInclude Include="SDK\Class\CClientState.h" />
    <ClInclude Include="SDK\Math\Vector.h" />
    <ClInclude Include="SDK\Interfaces\IClientEntityList.h" />
    <ClInclude Include="SDK\Interfaces\IClientEntity.h" />
    <ClInclude Include="SDK\Interfaces\IClientNetworkable.h" />
    <ClInclude Include="SDK\Math\Matrix.h" />
    <ClInclude Include="SDK\Studio.h" />
    <ClInclude Include="SDK\Interfaces\IClientUnknown.h" />
    <ClInclude Include="SDK\Interfaces\IClientThinkable.h" />
    <ClInclude Include="Netvars.h" />
    <ClInclude Include="Features\Visuals.h" />
    <ClInclude Include="SDK\Interfaces\ICollideable.h" />
    <ClInclude Include="SDK\Interfaces\IVDebugOverlay.h" />
    <ClInclude Include="SDK\Interfaces\IVEngineClient.h" />
    <ClInclude Include="Interfaces\Dependencies.h" />
    <ClInclude Include="GUI\Menu\Menu.h" />
    <ClInclude Include="SDK\Interfaces\IInputSystem.h" />
    <ClInclude Include="SDK\Interfaces\IAppSystem.h" />
    <ClInclude Include="SDK\Class\CGlobalVars.h" />
    <ClInclude Include="GUI\Menu\Tab.h" />
    <ClInclude Include="GUI\Menu\Option.h" />
    <ClInclude Include="GUI\Colors.h" />
    <ClInclude Include="Config.h" />
    <ClInclude Include="Utility\File.h" />
    <ClInclude Include="SDK\Interfaces\IClientRenderable.h" />
    <ClInclude Include="Features\Chams.h" />
    <ClInclude Include="SDK\Interfaces\IMaterial.h" />
    <ClInclude Include="SDK\Interfaces\IMaterialSystem.h" />
    <ClInclude Include="SDK\KeyValues.h" />
    <ClInclude Include="SDK\Interfaces\IVModelRender.h" />
    <ClInclude Include="SDK\Class\CGlowObjectManager.h" />
    <ClInclude Include="SDK\Utl\Memory.h" />
    <ClInclude Include="SDK\Utl\Vector.h" />
    <ClInclude Include="SDK\Utl\Macro.h" />
    <ClInclude Include="SDK\Class\CViewSetup.h" />
    <ClInclude Include="Features\Aimbot.h" />
    <ClInclude Include="SDK\WeaponData.h" />
    <ClInclude Include="SDK\Entities\CC4.h" />
    <ClInclude Include="SDK\Entities\CBaseCombatWeapon.h" />
    <ClInclude Include="SDK\Entities\CBaseHandle.h" />
    <ClInclude Include="SDK\Entities\CHandle.h" />
    <ClInclude Include="SDK\Interfaces\IHandleEntity.h" />
    <ClInclude Include="Features\Glow.h" />
    <ClInclude Include="SDK\Math\VMatrix.h" />
    <ClInclude Include="SDK\Entities\CBaseEntity.h" />
    <ClInclude Include="SDK\Interfaces\IEngineTrace.h" />
  </ItemGroup>
</Project>